
Microsoft Visual Studio Solution File, Format Version 12.00
# Visual Studio 14
VisualStudioVersion = 14.0.25123.0
MinimumVisualStudioVersion = 10.0.40219.1
Project("{2150E333-8FDC-42A3-9474-1A3956D46DE8}") = "src", "src", "{406DC637-8A7B-4465-8EA9-38EEAF0E10F4}"
EndProject
Project("{2150E333-8FDC-42A3-9474-1A3956D46DE8}") = "Solution Items", "Solution Items", "{FAD94762-C7A5-41B7-B2F1-4BB032BACD26}"
	ProjectSection(SolutionItems) = preProject
		global.json = global.json
	EndProjectSection
EndProject
Project("{8BB2217D-0F2D-49D1-97BC-3654ED321F3B}") = "AspNetMvcCoreNullContainer", "src\AspNetMvcCoreNullContainer\AspNetMvcCoreNullContainer.xproj", "{BD308E29-8A1A-428C-B77C-F5680AE032FB}"
EndProject
Global
	GlobalSection(SolutionConfigurationPlatforms) = preSolution
		Debug|Any CPU = Debug|Any CPU
		Release|Any CPU = Release|Any CPU
	EndGlobalSection
	GlobalSection(ProjectConfigurationPlatforms) = postSolution
		{BD308E29-8A1A-428C-B77C-F5680AE032FB}.Debug|Any CPU.ActiveCfg = Debug|Any CPU
		{BD308E29-8A1A-428C-B77C-F5680AE032FB}.Debug|Any CPU.Build.0 = Debug|Any CPU
		{BD308E29-8A1A-428C-B77C-F5680AE032FB}.Release|Any CPU.ActiveCfg = Release|Any CPU
		{BD308E29-8A1A-428C-B77C-F5680AE032FB}.Release|Any CPU.Build.0 = Release|Any CPU
	EndGlobalSection
	GlobalSection(SolutionProperties) = preSolution
		HideSolutionNode = FALSE
	EndGlobalSection
	GlobalSection(NestedProjects) = preSolution
		{BD308E29-8A1A-428C-B77C-F5680AE032FB} = {406DC637-8A7B-4465-8EA9-38EEAF0E10F4}
	EndGlobalSection
EndGlobal
